
Microsoft Visual Studio Solution File, Format Version 12.00
# Visual Studio Version 17
VisualStudioVersion = 17.14.36212.18 d17.14
MinimumVisualStudioVersion = 10.0.40219.1
Project("{FAE04EC0-301F-11D3-BF4B-00C04F79EFBC}") = "API-DOTNET-BANK", "API-DOTNET-BANK\API-DOTNET-BANK.csproj", "{3989C0FD-B923-42A8-B45E-4860DB151613}"
EndProject
Global
	GlobalSection(SolutionConfigurationPlatforms) = preSolution
		Debug|Any CPU = Debug|Any CPU
		Release|Any CPU = Release|Any CPU
	EndGlobalSection
	GlobalSection(ProjectConfigurationPlatforms) = postSolution
		{3989C0FD-B923-42A8-B45E-4860DB151613}.Debug|Any CPU.ActiveCfg = Debug|Any CPU
		{3989C0FD-B923-42A8-B45E-4860DB151613}.Debug|Any CPU.Build.0 = Debug|Any CPU
		{3989C0FD-B923-42A8-B45E-4860DB151613}.Release|Any CPU.ActiveCfg = Release|Any CPU
		{3989C0FD-B923-42A8-B45E-4860DB151613}.Release|Any CPU.Build.0 = Release|Any CPU
	EndGlobalSection
	GlobalSection(SolutionProperties) = preSolution
		HideSolutionNode = FALSE
	EndGlobalSection
	GlobalSection(ExtensibilityGlobals) = postSolution
		SolutionGuid = {23391A5E-1728-4B28-8BED-8047F6671972}
	EndGlobalSection
EndGlobal
